# @generated by Move, please check-in and do not edit manually.

[move]
version = 3
manifest_digest = "174EF2F9A9E5EAABC99191037E42D09E9BE6AB8441F12C9EBCE83EC610C90E3A"
deps_digest = "F8BBB0CCB2491CA29A3DF03D6F92277A4F3574266507ACD77214D37ECA3F3082"
dependencies = [
  { id = "One", name = "One" },
]

[[move.package]]
id = "MoveStdlib"
source = { git = "https://github.com/one-chain-labs/onechain.git", rev = "v1.1.1", subdir = "crates/sui-framework/packages/move-stdlib" }

[[move.package]]
id = "One"
source = { git = "https://github.com/one-chain-labs/onechain.git", rev = "v1.1.1", subdir = "crates/sui-framework/packages/one-framework" }

dependencies = [
  { id = "MoveStdlib", name = "MoveStdlib" },
]

[move.toolchain-version]
compiler-version = "1.1.1"
edition = "2024.beta"
flavor = "one"

[env]

[env.testnet]
chain-id = "1bd5c965"
original-published-id = "0x7c358897ac2c98bed32a1f3148e99e7e6b5aee9ca8be671988a353682e31710d"
latest-published-id = "0x7c358897ac2c98bed32a1f3148e99e7e6b5aee9ca8be671988a353682e31710d"
published-version = "1"
